
Microsoft Visual Studio Solution File, Format Version 12.00
# Visual Studio Version 17
VisualStudioVersion = 17.9.34622.214
MinimumVisualStudioVersion = 10.0.40219.1
Project("{FAE04EC0-301F-11D3-BF4B-00C04F79EFBC}") = "EFHotelBooking", "EFHotelBooking\EFHotelBooking.csproj", "{AB347B2A-1922-48A6-BA58-8EB9CB650109}"
EndProject
Global
	GlobalSection(SolutionConfigurationPlatforms) = preSolution
		Debug|Any CPU = Debug|Any CPU
		Release|Any CPU = Release|Any CPU
	EndGlobalSection
	GlobalSection(ProjectConfigurationPlatforms) = postSolution
		{AB347B2A-1922-48A6-BA58-8EB9CB650109}.Debug|Any CPU.ActiveCfg = Debug|Any CPU
		{AB347B2A-1922-48A6-BA58-8EB9CB650109}.Debug|Any CPU.Build.0 = Debug|Any CPU
		{AB347B2A-1922-48A6-BA58-8EB9CB650109}.Release|Any CPU.ActiveCfg = Release|Any CPU
		{AB347B2A-1922-48A6-BA58-8EB9CB650109}.Release|Any CPU.Build.0 = Release|Any CPU
	EndGlobalSection
	GlobalSection(SolutionProperties) = preSolution
		HideSolutionNode = FALSE
	EndGlobalSection
	GlobalSection(ExtensibilityGlobals) = postSolution
		SolutionGuid = {074CFC90-8F97-4A33-B669-0DC3A2BE152B}
	EndGlobalSection
EndGlobal
